
Microsoft Visual Studio Solution File, Format Version 12.00
# Visual Studio 14
VisualStudioVersion = 14.0.25420.1
MinimumVisualStudioVersion = 10.0.40219.1
Project("{FAE04EC0-301F-11D3-BF4B-00C04F79EFBC}") = "APPPInCSharp_AcyclicVistorPattern.Console", "APPPInCSharp_AcyclicVistorPattern.Console\APPPInCSharp_AcyclicVistorPattern.Console.csproj", "{599B8DB5-D098-417D-B085-281059C873CE}"
EndProject
Project("{FAE04EC0-301F-11D3-BF4B-00C04F79EFBC}") = "APPPInCSharp_AcyclicVistorPattern.UnitTests", "APPPInCSharp_AcyclicVistorPattern.UnitTests\APPPInCSharp_AcyclicVistorPattern.UnitTests.csproj", "{EB8A82E5-C722-495A-AACC-6667C6E6F2BC}"
EndProject
Global
	GlobalSection(SolutionConfigurationPlatforms) = preSolution
		Debug|Any CPU = Debug|Any CPU
		Release|Any CPU = Release|Any CPU
	EndGlobalSection
	GlobalSection(ProjectConfigurationPlatforms) = postSolution
		{599B8DB5-D098-417D-B085-281059C873CE}.Debug|Any CPU.ActiveCfg = Debug|Any CPU
		{599B8DB5-D098-417D-B085-281059C873CE}.Debug|Any CPU.Build.0 = Debug|Any CPU
		{599B8DB5-D098-417D-B085-281059C873CE}.Release|Any CPU.ActiveCfg = Release|Any CPU
		{599B8DB5-D098-417D-B085-281059C873CE}.Release|Any CPU.Build.0 = Release|Any CPU
		{EB8A82E5-C722-495A-AACC-6667C6E6F2BC}.Debug|Any CPU.ActiveCfg = Debug|Any CPU
		{EB8A82E5-C722-495A-AACC-6667C6E6F2BC}.Debug|Any CPU.Build.0 = Debug|Any CPU
		{EB8A82E5-C722-495A-AACC-6667C6E6F2BC}.Release|Any CPU.ActiveCfg = Release|Any CPU
		{EB8A82E5-C722-495A-AACC-6667C6E6F2BC}.Release|Any CPU.Build.0 = Release|Any CPU
	EndGlobalSection
	GlobalSection(SolutionProperties) = preSolution
		HideSolutionNode = FALSE
	EndGlobalSection
EndGlobal
